
Microsoft Visual Studio Solution File, Format Version 12.00
# Visual Studio Version 16
VisualStudioVersion = 16.0.29123.88
MinimumVisualStudioVersion = 10.0.40219.1
Project("{FAE04EC0-301F-11D3-BF4B-00C04F79EFBC}") = "geekcode.helper.jwt", "geekcode.helper.jwt\geekcode.helper.jwt.csproj", "{2C2C670B-0F66-4788-9AA1-05BE7777752B}"
EndProject
Project("{FAE04EC0-301F-11D3-BF4B-00C04F79EFBC}") = "geekcode.helper.model", "geekcode.helper.model\geekcode.helper.model.csproj", "{42E59F4C-9766-4D5E-AA1D-70C9D028DFA2}"
EndProject
Project("{FAE04EC0-301F-11D3-BF4B-00C04F79EFBC}") = "geekcode.helper.entitycore", "geekcode.helper.entitycore\geekcode.helper.entitycore.csproj", "{D00A3C01-5941-4CFC-96AE-23391A00086A}"
EndProject
Project("{FAE04EC0-301F-11D3-BF4B-00C04F79EFBC}") = "Api", "Api\Api.csproj", "{278ED68B-8CEE-4749-AD16-A708C6FCD365}"
EndProject
Global
	GlobalSection(SolutionConfigurationPlatforms) = preSolution
		Debug|Any CPU = Debug|Any CPU
		Release|Any CPU = Release|Any CPU
	EndGlobalSection
	GlobalSection(ProjectConfigurationPlatforms) = postSolution
		{2C2C670B-0F66-4788-9AA1-05BE7777752B}.Debug|Any CPU.ActiveCfg = Debug|Any CPU
		{2C2C670B-0F66-4788-9AA1-05BE7777752B}.Debug|Any CPU.Build.0 = Debug|Any CPU
		{2C2C670B-0F66-4788-9AA1-05BE7777752B}.Release|Any CPU.ActiveCfg = Release|Any CPU
		{2C2C670B-0F66-4788-9AA1-05BE7777752B}.Release|Any CPU.Build.0 = Release|Any CPU
		{42E59F4C-9766-4D5E-AA1D-70C9D028DFA2}.Debug|Any CPU.ActiveCfg = Debug|Any CPU
		{42E59F4C-9766-4D5E-AA1D-70C9D028DFA2}.Debug|Any CPU.Build.0 = Debug|Any CPU
		{42E59F4C-9766-4D5E-AA1D-70C9D028DFA2}.Release|Any CPU.ActiveCfg = Release|Any CPU
		{42E59F4C-9766-4D5E-AA1D-70C9D028DFA2}.Release|Any CPU.Build.0 = Release|Any CPU
		{D00A3C01-5941-4CFC-96AE-23391A00086A}.Debug|Any CPU.ActiveCfg = Debug|Any CPU
		{D00A3C01-5941-4CFC-96AE-23391A00086A}.Debug|Any CPU.Build.0 = Debug|Any CPU
		{D00A3C01-5941-4CFC-96AE-23391A00086A}.Release|Any CPU.ActiveCfg = Release|Any CPU
		{D00A3C01-5941-4CFC-96AE-23391A00086A}.Release|Any CPU.Build.0 = Release|Any CPU
		{278ED68B-8CEE-4749-AD16-A708C6FCD365}.Debug|Any CPU.ActiveCfg = Debug|Any CPU
		{278ED68B-8CEE-4749-AD16-A708C6FCD365}.Debug|Any CPU.Build.0 = Debug|Any CPU
		{278ED68B-8CEE-4749-AD16-A708C6FCD365}.Release|Any CPU.ActiveCfg = Release|Any CPU
		{278ED68B-8CEE-4749-AD16-A708C6FCD365}.Release|Any CPU.Build.0 = Release|Any CPU
	EndGlobalSection
	GlobalSection(SolutionProperties) = preSolution
		HideSolutionNode = FALSE
	EndGlobalSection
	GlobalSection(ExtensibilityGlobals) = postSolution
		SolutionGuid = {3C6EE87B-041B-4B46-AAD7-5DB92C7F8BF5}
	EndGlobalSection
EndGlobal
